
Microsoft Visual Studio Solution File, Format Version 12.00
# Visual Studio Version 17
VisualStudioVersion = 17.4.33122.133
MinimumVisualStudioVersion = 10.0.40219.1
Project("{FAE04EC0-301F-11D3-BF4B-00C04F79EFBC}") = "NotePad", "NotePad\NotePad.csproj", "{2F577256-2E09-40E2-B907-D03925B6CD11}"
EndProject
Global
	GlobalSection(SolutionConfigurationPlatforms) = preSolution
		Debug|Any CPU = Debug|Any CPU
		Release|Any CPU = Release|Any CPU
	EndGlobalSection
	GlobalSection(ProjectConfigurationPlatforms) = postSolution
		{2F577256-2E09-40E2-B907-D03925B6CD11}.Debug|Any CPU.ActiveCfg = Debug|Any CPU
		{2F577256-2E09-40E2-B907-D03925B6CD11}.Debug|Any CPU.Build.0 = Debug|Any CPU
		{2F577256-2E09-40E2-B907-D03925B6CD11}.Release|Any CPU.ActiveCfg = Release|Any CPU
		{2F577256-2E09-40E2-B907-D03925B6CD11}.Release|Any CPU.Build.0 = Release|Any CPU
	EndGlobalSection
	GlobalSection(SolutionProperties) = preSolution
		HideSolutionNode = FALSE
	EndGlobalSection
	GlobalSection(ExtensibilityGlobals) = postSolution
		SolutionGuid = {DEB53526-B6A4-4E2A-888C-A9B1DE33CC97}
	EndGlobalSection
EndGlobal
